
Microsoft Visual Studio Solution File, Format Version 12.00
# Visual Studio Version 16
VisualStudioVersion = 25.0.1705.0
MinimumVisualStudioVersion = 10.0.40219.1
Project("{FAE04EC0-301F-11D3-BF4B-00C04F79EFBC}") = "GradeBook", "GradeBook.csproj", "{54659794-D4FF-4548-A944-093BCEB56B7F}"
EndProject
Global
	GlobalSection(SolutionConfigurationPlatforms) = preSolution
		Debug|Any CPU = Debug|Any CPU
		Release|Any CPU = Release|Any CPU
	EndGlobalSection
	GlobalSection(ProjectConfigurationPlatforms) = postSolution
		{54659794-D4FF-4548-A944-093BCEB56B7F}.Debug|Any CPU.ActiveCfg = Debug|Any CPU
		{54659794-D4FF-4548-A944-093BCEB56B7F}.Debug|Any CPU.Build.0 = Debug|Any CPU
		{54659794-D4FF-4548-A944-093BCEB56B7F}.Release|Any CPU.ActiveCfg = Release|Any CPU
		{54659794-D4FF-4548-A944-093BCEB56B7F}.Release|Any CPU.Build.0 = Release|Any CPU
	EndGlobalSection
	GlobalSection(SolutionProperties) = preSolution
		HideSolutionNode = FALSE
	EndGlobalSection
	GlobalSection(ExtensibilityGlobals) = postSolution
		SolutionGuid = {2EF05E03-232F-4BBB-9D7D-1CDDB6645DB0}
	EndGlobalSection
EndGlobal
